
Microsoft Visual Studio Solution File, Format Version 12.00
# Visual Studio Version 17
VisualStudioVersion = 17.4.33213.308
MinimumVisualStudioVersion = 10.0.40219.1
Project("{FAE04EC0-301F-11D3-BF4B-00C04F79EFBC}") = "WpfMvvm5", "WpfMvvm5\WpfMvvm5.csproj", "{23DCD4EF-3486-4041-ADEF-3A56A70F3BA5}"
EndProject
Global
	GlobalSection(SolutionConfigurationPlatforms) = preSolution
		Debug|Any CPU = Debug|Any CPU
		Release|Any CPU = Release|Any CPU
	EndGlobalSection
	GlobalSection(ProjectConfigurationPlatforms) = postSolution
		{23DCD4EF-3486-4041-ADEF-3A56A70F3BA5}.Debug|Any CPU.ActiveCfg = Debug|Any CPU
		{23DCD4EF-3486-4041-ADEF-3A56A70F3BA5}.Debug|Any CPU.Build.0 = Debug|Any CPU
		{23DCD4EF-3486-4041-ADEF-3A56A70F3BA5}.Release|Any CPU.ActiveCfg = Release|Any CPU
		{23DCD4EF-3486-4041-ADEF-3A56A70F3BA5}.Release|Any CPU.Build.0 = Release|Any CPU
	EndGlobalSection
	GlobalSection(SolutionProperties) = preSolution
		HideSolutionNode = FALSE
	EndGlobalSection
	GlobalSection(ExtensibilityGlobals) = postSolution
		SolutionGuid = {AA8FEA79-0692-4995-BDAE-DA393C10049E}
	EndGlobalSection
EndGlobal
